// !$*UTF8*$!
{
	archiveVersion = 1;
	classes = {
	};
	objectVersion = 55;
	objects = {

/* Begin PBXBuildFile section */
		D7A91FBB2A2028C700AEB000 /* AppDelegate.swift in Sources */ = {isa = PBXBuildFile; fileRef = D7A91FBA2A2028C700AEB000 /* AppDelegate.swift */; };
		D7A91FBD2A2028C700AEB000 /* SceneDelegate.swift in Sources */ = {isa = PBXBuildFile; fileRef = D7A91FBC2A2028C700AEB000 /* SceneDelegate.swift */; };
		D7A91FC42A2028C900AEB000 /* Assets.xcassets in Resources */ = {isa = PBXBuildFile; fileRef = D7A91FC32A2028C900AEB000 /* Assets.xcassets */; };
		D7A91FD22A2028C900AEB000 /* SavviGoPocTests.swift in Sources */ = {isa = PBXBuildFile; fileRef = D7A91FD12A2028C900AEB000 /* SavviGoPocTests.swift */; };
		D7A91FDC2A2028C900AEB000 /* SavviGoPocUITests.swift in Sources */ = {isa = PBXBuildFile; fileRef = D7A91FDB2A2028C900AEB000 /* SavviGoPocUITests.swift */; };
		D7A91FDE2A2028C900AEB000 /* SavviGoPocUITestsLaunchTests.swift in Sources */ = {isa = PBXBuildFile; fileRef = D7A91FDD2A2028C900AEB000 /* SavviGoPocUITestsLaunchTests.swift */; };
		D7A91FEE2A2029F200AEB000 /* DashboardModel.swift in Sources */ = {isa = PBXBuildFile; fileRef = D7A91FED2A2029F200AEB000 /* DashboardModel.swift */; };
		D7A91FF12A202A1C00AEB000 /* DashboardView.swift in Sources */ = {isa = PBXBuildFile; fileRef = D7A91FF02A202A1C00AEB000 /* DashboardView.swift */; };
		D7A91FF52A202A4400AEB000 /* DashboardViewController.swift in Sources */ = {isa = PBXBuildFile; fileRef = D7A91FF42A202A4400AEB000 /* DashboardViewController.swift */; };
		D7A91FFB2A202A9300AEB000 /* ObjectiveModel.swift in Sources */ = {isa = PBXBuildFile; fileRef = D7A91FFA2A202A9300AEB000 /* ObjectiveModel.swift */; };
		D7A91FFD2A202AA900AEB000 /* ObjectiveView.swift in Sources */ = {isa = PBXBuildFile; fileRef = D7A91FFC2A202AA900AEB000 /* ObjectiveView.swift */; };
		D7A91FFF2A202ABE00AEB000 /* ObjectiveViewController.swift in Sources */ = {isa = PBXBuildFile; fileRef = D7A91FFE2A202ABE00AEB000 /* ObjectiveViewController.swift */; };
/* End PBXBuildFile section */

/* Begin PBXContainerItemProxy section */
		D7A91FCE2A2028C900AEB000 /* PBXContainerItemProxy */ = {
			isa = PBXContainerItemProxy;
			containerPortal = D7A91FAF2A2028C700AEB000 /* Project object */;
			proxyType = 1;
			remoteGlobalIDString = D7A91FB62A2028C700AEB000;
			remoteInfo = SavviGoPoc;
		};
		D7A91FD82A2028C900AEB000 /* PBXContainerItemProxy */ = {
			isa = PBXContainerItemProxy;
			containerPortal = D7A91FAF2A2028C700AEB000 /* Project object */;
			proxyType = 1;
			remoteGlobalIDString = D7A91FB62A2028C700AEB000;
			remoteInfo = SavviGoPoc;
		};
/* End PBXContainerItemProxy section */

/* Begin PBXFileReference section */
		D7A91FB72A2028C700AEB000 /* SavviGoPoc.app */ = {isa = PBXFileReference; explicitFileType = wrapper.application; includeInIndex = 0; path = SavviGoPoc.app; sourceTree = BUILT_PRODUCTS_DIR; };
		D7A91FBA2A2028C700AEB000 /* AppDelegate.swift */ = {isa = PBXFileReference; lastKnownFileType = sourcecode.swift; path = AppDelegate.swift; sourceTree = "<group>"; };
		D7A91FBC2A2028C700AEB000 /* SceneDelegate.swift */ = {isa = PBXFileReference; lastKnownFileType = sourcecode.swift; path = SceneDelegate.swift; sourceTree = "<group>"; };
		D7A91FC32A2028C900AEB000 /* Assets.xcassets */ = {isa = PBXFileReference; lastKnownFileType = folder.assetcatalog; path = Assets.xcassets; sourceTree = "<group>"; };
		D7A91FC82A2028C900AEB000 /* Info.plist */ = {isa = PBXFileReference; lastKnownFileType = text.plist.xml; path = Info.plist; sourceTree = "<group>"; };
		D7A91FCD2A2028C900AEB000 /* SavviGoPocTests.xctest */ = {isa = PBXFileReference; explicitFileType = wrapper.cfbundle; includeInIndex = 0; path = SavviGoPocTests.xctest; sourceTree = BUILT_PRODUCTS_DIR; };
		D7A91FD12A2028C900AEB000 /* SavviGoPocTests.swift */ = {isa = PBXFileReference; lastKnownFileType = sourcecode.swift; path = SavviGoPocTests.swift; sourceTree = "<group>"; };
		D7A91FD72A2028C900AEB000 /* SavviGoPocUITests.xctest */ = {isa = PBXFileReference; explicitFileType = wrapper.cfbundle; includeInIndex = 0; path = SavviGoPocUITests.xctest; sourceTree = BUILT_PRODUCTS_DIR; };
		D7A91FDB2A2028C900AEB000 /* SavviGoPocUITests.swift */ = {isa = PBXFileReference; lastKnownFileType = sourcecode.swift; path = SavviGoPocUITests.swift; sourceTree = "<group>"; };
		D7A91FDD2A2028C900AEB000 /* SavviGoPocUITestsLaunchTests.swift */ = {isa = PBXFileReference; lastKnownFileType = sourcecode.swift; path = SavviGoPocUITestsLaunchTests.swift; sourceTree = "<group>"; };
		D7A91FED2A2029F200AEB000 /* DashboardModel.swift */ = {isa = PBXFileReference; lastKnownFileType = sourcecode.swift; path = DashboardModel.swift; sourceTree = "<group>"; };
		D7A91FF02A202A1C00AEB000 /* DashboardView.swift */ = {isa = PBXFileReference; lastKnownFileType = sourcecode.swift; path = DashboardView.swift; sourceTree = "<group>"; };
		D7A91FF42A202A4400AEB000 /* DashboardViewController.swift */ = {isa = PBXFileReference; lastKnownFileType = sourcecode.swift; path = DashboardViewController.swift; sourceTree = "<group>"; };
		D7A91FFA2A202A9300AEB000 /* ObjectiveModel.swift */ = {isa = PBXFileReference; lastKnownFileType = sourcecode.swift; path = ObjectiveModel.swift; sourceTree = "<group>"; };
		D7A91FFC2A202AA900AEB000 /* ObjectiveView.swift */ = {isa = PBXFileReference; lastKnownFileType = sourcecode.swift; path = ObjectiveView.swift; sourceTree = "<group>"; };
		D7A91FFE2A202ABE00AEB000 /* ObjectiveViewController.swift */ = {isa = PBXFileReference; lastKnownFileType = sourcecode.swift; path = ObjectiveViewController.swift; sourceTree = "<group>"; };
/* End PBXFileReference section */

/* Begin PBXFrameworksBuildPhase section */
		D7A91FB42A2028C700AEB000 /* Frameworks */ = {
			isa = PBXFrameworksBuildPhase;
			buildActionMask = 2147483647;
			files = (
			);
			runOnlyForDeploymentPostprocessing = 0;
		};
		D7A91FCA2A2028C900AEB000 /* Frameworks */ = {
			isa = PBXFrameworksBuildPhase;
			buildActionMask = 2147483647;
			files = (
			);
			runOnlyForDeploymentPostprocessing = 0;
		};
		D7A91FD42A2028C900AEB000 /* Frameworks */ = {
			isa = PBXFrameworksBuildPhase;
			buildActionMask = 2147483647;
			files = (
			);
			runOnlyForDeploymentPostprocessing = 0;
		};
/* End PBXFrameworksBuildPhase section */

/* Begin PBXGroup section */
		D7A91FAE2A2028C700AEB000 = {
			isa = PBXGroup;
			children = (
				D7A91FB92A2028C700AEB000 /* SavviGoPoc */,
				D7A91FD02A2028C900AEB000 /* SavviGoPocTests */,
				D7A91FDA2A2028C900AEB000 /* SavviGoPocUITests */,
				D7A91FB82A2028C700AEB000 /* Products */,
			);
			sourceTree = "<group>";
		};
		D7A91FB82A2028C700AEB000 /* Products */ = {
			isa = PBXGroup;
			children = (
				D7A91FB72A2028C700AEB000 /* SavviGoPoc.app */,
				D7A91FCD2A2028C900AEB000 /* SavviGoPocTests.xctest */,
				D7A91FD72A2028C900AEB000 /* SavviGoPocUITests.xctest */,
			);
			name = Products;
			sourceTree = "<group>";
		};
		D7A91FB92A2028C700AEB000 /* SavviGoPoc */ = {
			isa = PBXGroup;
			children = (
				D7A91FEB2A20298F00AEB000 /* Dashboard */,
				D7A91FEA2A20298100AEB000 /* Objective */,
				D7A91FBA2A2028C700AEB000 /* AppDelegate.swift */,
				D7A91FBC2A2028C700AEB000 /* SceneDelegate.swift */,
				D7A91FC32A2028C900AEB000 /* Assets.xcassets */,
				D7A91FC82A2028C900AEB000 /* Info.plist */,
			);
			path = SavviGoPoc;
			sourceTree = "<group>";
		};
		D7A91FD02A2028C900AEB000 /* SavviGoPocTests */ = {
			isa = PBXGroup;
			children = (
				D7A91FD12A2028C900AEB000 /* SavviGoPocTests.swift */,
			);
			path = SavviGoPocTests;
			sourceTree = "<group>";
		};
		D7A91FDA2A2028C900AEB000 /* SavviGoPocUITests */ = {
			isa = PBXGroup;
			children = (
				D7A91FDB2A2028C900AEB000 /* SavviGoPocUITests.swift */,
				D7A91FDD2A2028C900AEB000 /* SavviGoPocUITestsLaunchTests.swift */,
			);
			path = SavviGoPocUITests;
			sourceTree = "<group>";
		};
		D7A91FEA2A20298100AEB000 /* Objective */ = {
			isa = PBXGroup;
			children = (
				D7A91FF92A202A7E00AEB000 /* Model */,
				D7A91FF72A202A6D00AEB000 /* View */,
				D7A91FF62A202A6400AEB000 /* Controller */,
			);
			path = Objective;
			sourceTree = "<group>";
		};
		D7A91FEB2A20298F00AEB000 /* Dashboard */ = {
			isa = PBXGroup;
			children = (
				D7A91FF22A202A1F00AEB000 /* Controller */,
				D7A91FEF2A202A0000AEB000 /* View */,
				D7A91FEC2A2029DD00AEB000 /* Model */,
			);
			path = Dashboard;
			sourceTree = "<group>";
		};
		D7A91FEC2A2029DD00AEB000 /* Model */ = {
			isa = PBXGroup;
			children = (
				D7A91FED2A2029F200AEB000 /* DashboardModel.swift */,
			);
			path = Model;
			sourceTree = "<group>";
		};
		D7A91FEF2A202A0000AEB000 /* View */ = {
			isa = PBXGroup;
			children = (
				D7A91FF02A202A1C00AEB000 /* DashboardView.swift */,
			);
			path = View;
			sourceTree = "<group>";
		};
		D7A91FF22A202A1F00AEB000 /* Controller */ = {
			isa = PBXGroup;
			children = (
				D7A91FF42A202A4400AEB000 /* DashboardViewController.swift */,
			);
			path = Controller;
			sourceTree = "<group>";
		};
		D7A91FF62A202A6400AEB000 /* Controller */ = {
			isa = PBXGroup;
			children = (
				D7A91FFE2A202ABE00AEB000 /* ObjectiveViewController.swift */,
			);
			path = Controller;
			sourceTree = "<group>";
		};
		D7A91FF72A202A6D00AEB000 /* View */ = {
			isa = PBXGroup;
			children = (
				D7A91FFC2A202AA900AEB000 /* ObjectiveView.swift */,
			);
			path = View;
			sourceTree = "<group>";
		};
		D7A91FF92A202A7E00AEB000 /* Model */ = {
			isa = PBXGroup;
			children = (
				D7A91FFA2A202A9300AEB000 /* ObjectiveModel.swift */,
			);
			path = Model;
			sourceTree = "<group>";
		};
/* End PBXGroup section */

/* Begin PBXNativeTarget section */
		D7A91FB62A2028C700AEB000 /* SavviGoPoc */ = {
			isa = PBXNativeTarget;
			buildConfigurationList = D7A91FE12A2028C900AEB000 /* Build configuration list for PBXNativeTarget "SavviGoPoc" */;
			buildPhases = (
				D7A91FB32A2028C700AEB000 /* Sources */,
				D7A91FB42A2028C700AEB000 /* Frameworks */,
				D7A91FB52A2028C700AEB000 /* Resources */,
			);
			buildRules = (
			);
			dependencies = (
			);
			name = SavviGoPoc;
			productName = SavviGoPoc;
			productReference = D7A91FB72A2028C700AEB000 /* SavviGoPoc.app */;
			productType = "com.apple.product-type.application";
		};
		D7A91FCC2A2028C900AEB000 /* SavviGoPocTests */ = {
			isa = PBXNativeTarget;
			buildConfigurationList = D7A91FE42A2028C900AEB000 /* Build configuration list for PBXNativeTarget "SavviGoPocTests" */;
			buildPhases = (
				D7A91FC92A2028C900AEB000 /* Sources */,
				D7A91FCA2A2028C900AEB000 /* Frameworks */,
				D7A91FCB2A2028C900AEB000 /* Resources */,
			);
			buildRules = (
			);
			dependencies = (
				D7A91FCF2A2028C900AEB000 /* PBXTargetDependency */,
			);
			name = SavviGoPocTests;
			productName = SavviGoPocTests;
			productReference = D7A91FCD2A2028C900AEB000 /* SavviGoPocTests.xctest */;
			productType = "com.apple.product-type.bundle.unit-test";
		};
		D7A91FD62A2028C900AEB000 /* SavviGoPocUITests */ = {
			isa = PBXNativeTarget;
			buildConfigurationList = D7A91FE72A2028C900AEB000 /* Build configuration list for PBXNativeTarget "SavviGoPocUITests" */;
			buildPhases = (
				D7A91FD32A2028C900AEB000 /* Sources */,
				D7A91FD42A2028C900AEB000 /* Frameworks */,
				D7A91FD52A2028C900AEB000 /* Resources */,
			);
			buildRules = (
			);
			dependencies = (
				D7A91FD92A2028C900AEB000 /* PBXTargetDependency */,
			);
			name = SavviGoPocUITests;
			productName = SavviGoPocUITests;
			productReference = D7A91FD72A2028C900AEB000 /* SavviGoPocUITests.xctest */;
			productType = "com.apple.product-type.bundle.ui-testing";
		};
/* End PBXNativeTarget section */

/* Begin PBXProject section */
		D7A91FAF2A2028C700AEB000 /* Project object */ = {
			isa = PBXProject;
			attributes = {
				BuildIndependentTargetsInParallel = 1;
				LastSwiftUpdateCheck = 1320;
				LastUpgradeCheck = 1320;
				TargetAttributes = {
					D7A91FB62A2028C700AEB000 = {
						CreatedOnToolsVersion = 13.2.1;
					};
					D7A91FCC2A2028C900AEB000 = {
						CreatedOnToolsVersion = 13.2.1;
						TestTargetID = D7A91FB62A2028C700AEB000;
					};
					D7A91FD62A2028C900AEB000 = {
						CreatedOnToolsVersion = 13.2.1;
						TestTargetID = D7A91FB62A2028C700AEB000;
					};
				};
			};
			buildConfigurationList = D7A91FB22A2028C700AEB000 /* Build configuration list for PBXProject "SavviGoPoc" */;
			compatibilityVersion = "Xcode 13.0";
			developmentRegion = en;
			hasScannedForEncodings = 0;
			knownRegions = (
				en,
				Base,
			);
			mainGroup = D7A91FAE2A2028C700AEB000;
			productRefGroup = D7A91FB82A2028C700AEB000 /* Products */;
			projectDirPath = "";
			projectRoot = "";
			targets = (
				D7A91FB62A2028C700AEB000 /* SavviGoPoc */,
				D7A91FCC2A2028C900AEB000 /* SavviGoPocTests */,
				D7A91FD62A2028C900AEB000 /* SavviGoPocUITests */,
			);
		};
/* End PBXProject section */

/* Begin PBXResourcesBuildPhase section */
		D7A91FB52A2028C700AEB000 /* Resources */ = {
			isa = PBXResourcesBuildPhase;
			buildActionMask = 2147483647;
			files = (
				D7A91FC42A2028C900AEB000 /* Assets.xcassets in Resources */,
			);
			runOnlyForDeploymentPostprocessing = 0;
		};
		D7A91FCB2A2028C900AEB000 /* Resources */ = {
			isa = PBXResourcesBuildPhase;
			buildActionMask = 2147483647;
			files = (
			);
			runOnlyForDeploymentPostprocessing = 0;
		};
		D7A91FD52A2028C900AEB000 /* Resources */ = {
			isa = PBXResourcesBuildPhase;
			buildActionMask = 2147483647;
			files = (
			);
			runOnlyForDeploymentPostprocessing = 0;
		};
/* End PBXResourcesBuildPhase section */

/* Begin PBXSourcesBuildPhase section */
		D7A91FB32A2028C700AEB000 /* Sources */ = {
			isa = PBXSourcesBuildPhase;
			buildActionMask = 2147483647;
			files = (
				D7A91FFF2A202ABE00AEB000 /* ObjectiveViewController.swift in Sources */,
				D7A91FEE2A2029F200AEB000 /* DashboardModel.swift in Sources */,
				D7A91FF52A202A4400AEB000 /* DashboardViewController.swift in Sources */,
				D7A91FF12A202A1C00AEB000 /* DashboardView.swift in Sources */,
				D7A91FFD2A202AA900AEB000 /* ObjectiveView.swift in Sources */,
				D7A91FFB2A202A9300AEB000 /* ObjectiveModel.swift in Sources */,
				D7A91FBB2A2028C700AEB000 /* AppDelegate.swift in Sources */,
				D7A91FBD2A2028C700AEB000 /* SceneDelegate.swift in Sources */,
			);
			runOnlyForDeploymentPostprocessing = 0;
		};
		D7A91FC92A2028C900AEB000 /* Sources */ = {
			isa = PBXSourcesBuildPhase;
			buildActionMask = 2147483647;
			files = (
				D7A91FD22A2028C900AEB000 /* SavviGoPocTests.swift in Sources */,
			);
			runOnlyForDeploymentPostprocessing = 0;
		};
		D7A91FD32A2028C900AEB000 /* Sources */ = {
			isa = PBXSourcesBuildPhase;
			buildActionMask = 2147483647;
			files = (
				D7A91FDC2A2028C900AEB000 /* SavviGoPocUITests.swift in Sources */,
				D7A91FDE2A2028C900AEB000 /* SavviGoPocUITestsLaunchTests.swift in Sources */,
			);
			runOnlyForDeploymentPostprocessing = 0;
		};
/* End PBXSourcesBuildPhase section */

/* Begin PBXTargetDependency section */
		D7A91FCF2A2028C900AEB000 /* PBXTargetDependency */ = {
			isa = PBXTargetDependency;
			target = D7A91FB62A2028C700AEB000 /* SavviGoPoc */;
			targetProxy = D7A91FCE2A2028C900AEB000 /* PBXContainerItemProxy */;
		};
		D7A91FD92A2028C900AEB000 /* PBXTargetDependency */ = {
			isa = PBXTargetDependency;
			target = D7A91FB62A2028C700AEB000 /* SavviGoPoc */;
			targetProxy = D7A91FD82A2028C900AEB000 /* PBXContainerItemProxy */;
		};
/* End PBXTargetDependency section */

/* Begin XCBuildConfiguration section */
		D7A91FDF2A2028C900AEB000 /* Debug */ = {
			isa = XCBuildConfiguration;
			buildSettings = {
				ALWAYS_SEARCH_USER_PATHS = NO;
				CLANG_ANALYZER_NONNULL = YES;
				CLANG_ANALYZER_NUMBER_OBJECT_CONVERSION = YES_AGGRESSIVE;
				CLANG_CXX_LANGUAGE_STANDARD = "gnu++17";
				CLANG_CXX_LIBRARY = "libc++";
				CLANG_ENABLE_MODULES = YES;
				CLANG_ENABLE_OBJC_ARC = YES;
				CLANG_ENABLE_OBJC_WEAK = YES;
				CLANG_WARN_BLOCK_CAPTURE_AUTORELEASING = YES;
				CLANG_WARN_BOOL_CONVERSION = YES;
				CLANG_WARN_COMMA = YES;
				CLANG_WARN_CONSTANT_CONVERSION = YES;
				CLANG_WARN_DEPRECATED_OBJC_IMPLEMENTATIONS = YES;
				CLANG_WARN_DIRECT_OBJC_ISA_USAGE = YES_ERROR;
				CLANG_WARN_DOCUMENTATION_COMMENTS = YES;
				CLANG_WARN_EMPTY_BODY = YES;
				CLANG_WARN_ENUM_CONVERSION = YES;
				CLANG_WARN_INFINITE_RECURSION = YES;
				CLANG_WARN_INT_CONVERSION = YES;
				CLANG_WARN_NON_LITERAL_NULL_CONVERSION = YES;
				CLANG_WARN_OBJC_IMPLICIT_RETAIN_SELF = YES;
				CLANG_WARN_OBJC_LITERAL_CONVERSION = YES;
				CLANG_WARN_OBJC_ROOT_CLASS = YES_ERROR;
				CLANG_WARN_QUOTED_INCLUDE_IN_FRAMEWORK_HEADER = YES;
				CLANG_WARN_RANGE_LOOP_ANALYSIS = YES;
				CLANG_WARN_STRICT_PROTOTYPES = YES;
				CLANG_WARN_SUSPICIOUS_MOVE = YES;
				CLANG_WARN_UNGUARDED_AVAILABILITY = YES_AGGRESSIVE;
				CLANG_WARN_UNREACHABLE_CODE = YES;
				CLANG_WARN__DUPLICATE_METHOD_MATCH = YES;
				COPY_PHASE_STRIP = NO;
				DEBUG_INFORMATION_FORMAT = dwarf;
				ENABLE_STRICT_OBJC_MSGSEND = YES;
				ENABLE_TESTABILITY = YES;
				GCC_C_LANGUAGE_STANDARD = gnu11;
				GCC_DYNAMIC_NO_PIC = NO;
				GCC_NO_COMMON_BLOCKS = YES;
				GCC_OPTIMIZATION_LEVEL = 0;
				GCC_PREPROCESSOR_DEFINITIONS = (
					"DEBUG=1",
					"$(inherited)",
				);
				GCC_WARN_64_TO_32_BIT_CONVERSION = YES;
				GCC_WARN_ABOUT_RETURN_TYPE = YES_ERROR;
				GCC_WARN_UNDECLARED_SELECTOR = YES;
				GCC_WARN_UNINITIALIZED_AUTOS = YES_AGGRESSIVE;
				GCC_WARN_UNUSED_FUNCTION = YES;
				GCC_WARN_UNUSED_VARIABLE = YES;
				IPHONEOS_DEPLOYMENT_TARGET = 15.2;
				MTL_ENABLE_DEBUG_INFO = INCLUDE_SOURCE;
				MTL_FAST_MATH = YES;
				ONLY_ACTIVE_ARCH = YES;
				SDKROOT = iphoneos;
				SWIFT_ACTIVE_COMPILATION_CONDITIONS = DEBUG;
				SWIFT_OPTIMIZATION_LEVEL = "-Onone";
			};
			name = Debug;
		};
		D7A91FE02A2028C900AEB000 /* Release */ = {
			isa = XCBuildConfiguration;
			buildSettings = {
				ALWAYS_SEARCH_USER_PATHS = NO;
				CLANG_ANALYZER_NONNULL = YES;
				CLANG_ANALYZER_NUMBER_OBJECT_CONVERSION = YES_AGGRESSIVE;
				CLANG_CXX_LANGUAGE_STANDARD = "gnu++17";
				CLANG_CXX_LIBRARY = "libc++";
				CLANG_ENABLE_MODULES = YES;
				CLANG_ENABLE_OBJC_ARC = YES;
				CLANG_ENABLE_OBJC_WEAK = YES;
				CLANG_WARN_BLOCK_CAPTURE_AUTORELEASING = YES;
				CLANG_WARN_BOOL_CONVERSION = YES;
				CLANG_WARN_COMMA = YES;
				CLANG_WARN_CONSTANT_CONVERSION = YES;
				CLANG_WARN_DEPRECATED_OBJC_IMPLEMENTATIONS = YES;
				CLANG_WARN_DIRECT_OBJC_ISA_USAGE = YES_ERROR;
				CLANG_WARN_DOCUMENTATION_COMMENTS = YES;
				CLANG_WARN_EMPTY_BODY = YES;
				CLANG_WARN_ENUM_CONVERSION = YES;
				CLANG_WARN_INFINITE_RECURSION = YES;
				CLANG_WARN_INT_CONVERSION = YES;
				CLANG_WARN_NON_LITERAL_NULL_CONVERSION = YES;
				CLANG_WARN_OBJC_IMPLICIT_RETAIN_SELF = YES;
				CLANG_WARN_OBJC_LITERAL_CONVERSION = YES;
				CLANG_WARN_OBJC_ROOT_CLASS = YES_ERROR;
				CLANG_WARN_QUOTED_INCLUDE_IN_FRAMEWORK_HEADER = YES;
				CLANG_WARN_RANGE_LOOP_ANALYSIS = YES;
				CLANG_WARN_STRICT_PROTOTYPES = YES;
				CLANG_WARN_SUSPICIOUS_MOVE = YES;
				CLANG_WARN_UNGUARDED_AVAILABILITY = YES_AGGRESSIVE;
				CLANG_WARN_UNREACHABLE_CODE = YES;
				CLANG_WARN__DUPLICATE_METHOD_MATCH = YES;
				COPY_PHASE_STRIP = NO;
				DEBUG_INFORMATION_FORMAT = "dwarf-with-dsym";
				ENABLE_NS_ASSERTIONS = NO;
				ENABLE_STRICT_OBJC_MSGSEND = YES;
				GCC_C_LANGUAGE_STANDARD = gnu11;
				GCC_NO_COMMON_BLOCKS = YES;
				GCC_WARN_64_TO_32_BIT_CONVERSION = YES;
				GCC_WARN_ABOUT_RETURN_TYPE = YES_ERROR;
				GCC_WARN_UNDECLARED_SELECTOR = YES;
				GCC_WARN_UNINITIALIZED_AUTOS = YES_AGGRESSIVE;
				GCC_WARN_UNUSED_FUNCTION = YES;
				GCC_WARN_UNUSED_VARIABLE = YES;
				IPHONEOS_DEPLOYMENT_TARGET = 15.2;
				MTL_ENABLE_DEBUG_INFO = NO;
				MTL_FAST_MATH = YES;
				SDKROOT = iphoneos;
				SWIFT_COMPILATION_MODE = wholemodule;
				SWIFT_OPTIMIZATION_LEVEL = "-O";
				VALIDATE_PRODUCT = YES;
			};
			name = Release;
		};
		D7A91FE22A2028C900AEB000 /* Debug */ = {
			isa = XCBuildConfiguration;
			buildSettings = {
				ASSETCATALOG_COMPILER_APPICON_NAME = AppIcon;
				ASSETCATALOG_COMPILER_GLOBAL_ACCENT_COLOR_NAME = AccentColor;
				CODE_SIGN_STYLE = Automatic;
				CURRENT_PROJECT_VERSION = 1;
				DEVELOPMENT_TEAM = 6RLK97DFHC;
				GENERATE_INFOPLIST_FILE = YES;
				INFOPLIST_FILE = SavviGoPoc/Info.plist;
				INFOPLIST_KEY_UIApplicationSupportsIndirectInputEvents = YES;
				INFOPLIST_KEY_UILaunchStoryboardName = LaunchScreen;
				INFOPLIST_KEY_UISupportedInterfaceOrientations_iPad = "UIInterfaceOrientationPortrait UIInterfaceOrientationPortraitUpsideDown UIInterfaceOrientationLandscapeLeft UIInterfaceOrientationLandscapeRight";
				INFOPLIST_KEY_UISupportedInterfaceOrientations_iPhone = "UIInterfaceOrientationPortrait UIInterfaceOrientationLandscapeLeft UIInterfaceOrientationLandscapeRight";
				LD_RUNPATH_SEARCH_PATHS = (
					"$(inherited)",
					"@executable_path/Frameworks",
				);
				MARKETING_VERSION = 1.0;
				PRODUCT_BUNDLE_IDENTIFIER = com.ceciliasoares.SavviGoPoc;
				PRODUCT_NAME = "$(TARGET_NAME)";
				SWIFT_EMIT_LOC_STRINGS = YES;
				SWIFT_VERSION = 5.0;
				TARGETED_DEVICE_FAMILY = "1,2";
			};
			name = Debug;
		};
		D7A91FE32A2028C900AEB000 /* Release */ = {
			isa = XCBuildConfiguration;
			buildSettings = {
				ASSETCATALOG_COMPILER_APPICON_NAME = AppIcon;
				ASSETCATALOG_COMPILER_GLOBAL_ACCENT_COLOR_NAME = AccentColor;
				CODE_SIGN_STYLE = Automatic;
				CURRENT_PROJECT_VERSION = 1;
				DEVELOPMENT_TEAM = 6RLK97DFHC;
				GENERATE_INFOPLIST_FILE = YES;
				INFOPLIST_FILE = SavviGoPoc/Info.plist;
				INFOPLIST_KEY_UIApplicationSupportsIndirectInputEvents = YES;
				INFOPLIST_KEY_UILaunchStoryboardName = LaunchScreen;
				INFOPLIST_KEY_UISupportedInterfaceOrientations_iPad = "UIInterfaceOrientationPortrait UIInterfaceOrientationPortraitUpsideDown UIInterfaceOrientationLandscapeLeft UIInterfaceOrientationLandscapeRight";
				INFOPLIST_KEY_UISupportedInterfaceOrientations_iPhone = "UIInterfaceOrientationPortrait UIInterfaceOrientationLandscapeLeft UIInterfaceOrientationLandscapeRight";
				LD_RUNPATH_SEARCH_PATHS = (
					"$(inherited)",
					"@executable_path/Frameworks",
				);
				MARKETING_VERSION = 1.0;
				PRODUCT_BUNDLE_IDENTIFIER = com.ceciliasoares.SavviGoPoc;
				PRODUCT_NAME = "$(TARGET_NAME)";
				SWIFT_EMIT_LOC_STRINGS = YES;
				SWIFT_VERSION = 5.0;
				TARGETED_DEVICE_FAMILY = "1,2";
			};
			name = Release;
		};
		D7A91FE52A2028C900AEB000 /* Debug */ = {
			isa = XCBuildConfiguration;
			buildSettings = {
				ALWAYS_EMBED_SWIFT_STANDARD_LIBRARIES = YES;
				BUNDLE_LOADER = "$(TEST_HOST)";
				CODE_SIGN_STYLE = Automatic;
				CURRENT_PROJECT_VERSION = 1;
				DEVELOPMENT_TEAM = 6RLK97DFHC;
				GENERATE_INFOPLIST_FILE = YES;
				IPHONEOS_DEPLOYMENT_TARGET = 15.2;
				MARKETING_VERSION = 1.0;
				PRODUCT_BUNDLE_IDENTIFIER = com.ceciliasoares.SavviGoPocTests;
				PRODUCT_NAME = "$(TARGET_NAME)";
				SWIFT_EMIT_LOC_STRINGS = NO;
				SWIFT_VERSION = 5.0;
				TARGETED_DEVICE_FAMILY = "1,2";
				TEST_HOST = "$(BUILT_PRODUCTS_DIR)/SavviGoPoc.app/SavviGoPoc";
			};
			name = Debug;
		};
		D7A91FE62A2028C900AEB000 /* Release */ = {
			isa = XCBuildConfiguration;
			buildSettings = {
				ALWAYS_EMBED_SWIFT_STANDARD_LIBRARIES = YES;
				BUNDLE_LOADER = "$(TEST_HOST)";
				CODE_SIGN_STYLE = Automatic;
				CURRENT_PROJECT_VERSION = 1;
				DEVELOPMENT_TEAM = 6RLK97DFHC;
				GENERATE_INFOPLIST_FILE = YES;
				IPHONEOS_DEPLOYMENT_TARGET = 15.2;
				MARKETING_VERSION = 1.0;
				PRODUCT_BUNDLE_IDENTIFIER = com.ceciliasoares.SavviGoPocTests;
				PRODUCT_NAME = "$(TARGET_NAME)";
				SWIFT_EMIT_LOC_STRINGS = NO;
				SWIFT_VERSION = 5.0;
				TARGETED_DEVICE_FAMILY = "1,2";
				TEST_HOST = "$(BUILT_PRODUCTS_DIR)/SavviGoPoc.app/SavviGoPoc";
			};
			name = Release;
		};
		D7A91FE82A2028C900AEB000 /* Debug */ = {
			isa = XCBuildConfiguration;
			buildSettings = {
				ALWAYS_EMBED_SWIFT_STANDARD_LIBRARIES = YES;
				CODE_SIGN_STYLE = Automatic;
				CURRENT_PROJECT_VERSION = 1;
				DEVELOPMENT_TEAM = 6RLK97DFHC;
				GENERATE_INFOPLIST_FILE = YES;
				MARKETING_VERSION = 1.0;
				PRODUCT_BUNDLE_IDENTIFIER = com.ceciliasoares.SavviGoPocUITests;
				PRODUCT_NAME = "$(TARGET_NAME)";
				SWIFT_EMIT_LOC_STRINGS = NO;
				SWIFT_VERSION = 5.0;
				TARGETED_DEVICE_FAMILY = "1,2";
				TEST_TARGET_NAME = SavviGoPoc;
			};
			name = Debug;
		};
		D7A91FE92A2028C900AEB000 /* Release */ = {
			isa = XCBuildConfiguration;
			buildSettings = {
				ALWAYS_EMBED_SWIFT_STANDARD_LIBRARIES = YES;
				CODE_SIGN_STYLE = Automatic;
				CURRENT_PROJECT_VERSION = 1;
				DEVELOPMENT_TEAM = 6RLK97DFHC;
				GENERATE_INFOPLIST_FILE = YES;
				MARKETING_VERSION = 1.0;
				PRODUCT_BUNDLE_IDENTIFIER = com.ceciliasoares.SavviGoPocUITests;
				PRODUCT_NAME = "$(TARGET_NAME)";
				SWIFT_EMIT_LOC_STRINGS = NO;
				SWIFT_VERSION = 5.0;
				TARGETED_DEVICE_FAMILY = "1,2";
				TEST_TARGET_NAME = SavviGoPoc;
			};
			name = Release;
		};
/* End XCBuildConfiguration section */

/* Begin XCConfigurationList section */
		D7A91FB22A2028C700AEB000 /* Build configuration list for PBXProject "SavviGoPoc" */ = {
			isa = XCConfigurationList;
			buildConfigurations = (
				D7A91FDF2A2028C900AEB000 /* Debug */,
				D7A91FE02A2028C900AEB000 /* Release */,
			);
			defaultConfigurationIsVisible = 0;
			defaultConfigurationName = Release;
		};
		D7A91FE12A2028C900AEB000 /* Build configuration list for PBXNativeTarget "SavviGoPoc" */ = {
			isa = XCConfigurationList;
			buildConfigurations = (
				D7A91FE22A2028C900AEB000 /* Debug */,
				D7A91FE32A2028C900AEB000 /* Release */,
			);
			defaultConfigurationIsVisible = 0;
			defaultConfigurationName = Release;
		};
		D7A91FE42A2028C900AEB000 /* Build configuration list for PBXNativeTarget "SavviGoPocTests" */ = {
			isa = XCConfigurationList;
			buildConfigurations = (
				D7A91FE52A2028C900AEB000 /* Debug */,
				D7A91FE62A2028C900AEB000 /* Release */,
			);
			defaultConfigurationIsVisible = 0;
			defaultConfigurationName = Release;
		};
		D7A91FE72A2028C900AEB000 /* Build configuration list for PBXNativeTarget "SavviGoPocUITests" */ = {
			isa = XCConfigurationList;
			buildConfigurations = (
				D7A91FE82A2028C900AEB000 /* Debug */,
				D7A91FE92A2028C900AEB000 /* Release */,
			);
			defaultConfigurationIsVisible = 0;
			defaultConfigurationName = Release;
		};
/* End XCConfigurationList section */
	};
	rootObject = D7A91FAF2A2028C700AEB000 /* Project object */;
}
